{
  "requires": true,
  "lockfileVersion": 1,
  "dependencies": {
    "we-color-picker": {
      "version": "1.1.9",
      "resolved": "https://repo.huaweicloud.com/repository/npm/we-color-picker/-/we-color-picker-1.1.9.tgz",
      "integrity": "sha512-KAfCwk/ZZJfP+Y1dMGosKTBANmzJ0iVddEf8AGI6+V0+VG37Z5VWUgC7ZvK7hrxDOZ5cOPhnCQBPYHa8WVIG4Q=="
    }
  }
}
